{
  "name": "webgl",
  "version": "1.0.0",
  "lockfileVersion": 1,
  "requires": true,
  "dependencies": {
    "gl-matrix": {
      "version": "2.4.1",
      "resolved": "https://registry.npmjs.org/gl-matrix/-/gl-matrix-2.4.1.tgz",
      "integrity": "sha512-ATyhhRFTEReom7aJqan3lslFLDV5jhWcCbRfEfzMTtS6P4BruYI4LWQAJe/24g42Ca/6R7hBNPezcDK47oiDgw=="
    }
  }
}
